{
  "version": 4,
  "terraform_version": "1.11.3",
  "serial": 147,
  "lineage": "8316129c-85c8-b60e-e3a7-b70dddd75f5c",
  "outputs": {
    "fs": {
      "value": "fs-048c0bcec85e8d4fa",
      "type": "string"
    },
    "fsap": {
      "value": "fsap-0f481b85abad97916",
      "type": "string"
    },
    "security_group": {
      "value": "sg-0d71988b4be01b713",
      "type": "string"
    },
    "subnets": {
      "value": [
        "subnet-064d4ce55f818922a",
        "subnet-0d3f93605dc58b226",
        "subnet-09ad6e4c9595f6a96",
        "subnet-0885bf7c439f9d573"
      ],
      "type": [
        "tuple",
        [
          "string",
          "string",
          "string",
          "string"
        ]
      ]
    },
    "workflow_queue": {
      "value": "gn-mmbatch13miniwdl-workflow",
      "type": "string"
    }
  },
  "resources": [
    {
      "mode": "data",
      "type": "aws_availability_zones",
      "name": "available",
      "provider": "provider[\"registry.terraform.io/hashicorp/aws\"]",
      "instances": [
        {
          "schema_version": 0,
          "attributes": {
            "all_availability_zones": null,
            "exclude_names": null,
            "exclude_zone_ids": null,
            "filter": null,
            "group_names": [
              "us-west-2-zg-1"
            ],
            "id": "us-west-2",
            "names": [
              "us-west-2a",
              "us-west-2b",
              "us-west-2c",
              "us-west-2d"
            ],
            "state": null,
            "timeouts": null,
            "zone_ids": [
              "usw2-az1",
              "usw2-az2",
              "usw2-az3",
              "usw2-az4"
            ]
          },
          "sensitive_attributes": []
        }
      ]
    },
    {
      "mode": "data",
      "type": "cloudinit_config",
      "name": "task",
      "provider": "provider[\"registry.terraform.io/hashicorp/cloudinit\"]",
      "instances": [
        {
          "schema_version": 0,
          "attributes": {
            "base64_encode": true,
            "boundary": "MIMEBOUNDARY",
            "gzip": false,
            "id": "81003615",
            "part": [
              {
                "content": "yum install -y ec2-instance-connect",
                "content_type": "text/x-shellscript",
                "filename": null,
                "merge_type": null
              },
              {
                "content": "#!/bin/bash\n# To run on first boot of an EC2 instance with NVMe instance storage volumes:\n# 1) Assembles them into a RAID0 array, formats with XFS, and mounts to /mnt/scratch\n# 2) Replaces /var/lib/docker with a symlink to /mnt/scratch/docker so that docker images and\n#    container file systems use this high-performance scratch space. (restarts docker)\n# The configuration persists through reboots (but not instance stop).\n# logs go to /var/log/cloud-init-output.log\n# refs:\n# https://docs.aws.amazon.com/AWSEC2/latest/UserGuide/ssd-instance-store.html\n# https://github.com/kislyuk/aegea/blob/master/aegea/rootfs.skel/usr/bin/aegea-format-ephemeral-storage\n\nset -euxo pipefail\nshopt -s nullglob\n\n\n#devices=(/dev/xvd[b-m] /dev/disk/by-id/nvme-Amazon_EC2_NVMe_Instance_Storage_AWS?????????????????)\n#num_devices=\"${#devices[@]}\"\n#if (( num_devices \u003e 0 )) \u0026\u0026 ! grep /dev/md0 \u003c(df); then\n#    mdadm --create /dev/md0 --force --auto=yes --level=0 --chunk=256 --raid-devices=${num_devices} ${devices[@]}\n#    mkfs.xfs -f /dev/md0\n#    mkdir -p /mnt/scratch\n#    mount -o defaults,noatime,largeio,logbsize=256k -t xfs /dev/md0 /mnt/scratch\n#    echo UUID=$(blkid -s UUID -o value /dev/md0) /mnt/scratch xfs defaults,noatime,largeio,logbsize=256k 0 2 \u003e\u003e /etc/fstab\n#    update-initramfs -u\n#fi\nmkdir -p /mnt/scratch/tmp\nsystemctl stop docker || true\nif [ -d /var/lib/docker ] \u0026\u0026 [ ! -L /var/lib/docker ]; then\n   mv /var/lib/docker /mnt/scratch\nfi\n        \nmkdir -p /mnt/scratch/docker\nln -s /mnt/scratch/docker /var/lib/docker\n# Create checkpoint dir\nyum install -y amazon-efs-utils\n\nsystemctl restart docker || true\n\nsystemctl enable --now --no-block ecs\n\n# checkpoint directory is hardcoded to /mmc-checkpoint in snapshot engine\n# miniwdl will create new vpc by default, create efs in the new vpc\nCHECKPOINT_EFS=fs-038e1c09fe7735c29.efs.us-west-2.amazonaws.com\n# do not mount checkpoint efs to /mnt/efs, because miniwdl will use /mnt/efs by default\nmkdir -p /mmc-checkpoint\nmount -t efs $CHECKPOINT_EFS:/ /mmc-checkpoint\ndf -h\n\n# Install mmcloud batch engine\ncurl -k https://34.212.121.93:8080/api/v1/scripts/install-pagent | bash\n",
                "content_type": "text/x-shellscript",
                "filename": null,
                "merge_type": null
              }
            ],
            "rendered": "Q29udGVudC1UeXBlOiBtdWx0aXBhcnQvbWl4ZWQ7IGJvdW5kYXJ5PSJNSU1FQk9VTkRBUlkiCk1JTUUtVmVyc2lvbjogMS4wDQoNCi0tTUlNRUJPVU5EQVJZDQpDb250ZW50LVRyYW5zZmVyLUVuY29kaW5nOiA3Yml0DQpDb250ZW50LVR5cGU6IHRleHQveC1zaGVsbHNjcmlwdA0KTWltZS1WZXJzaW9uOiAxLjANCg0KeXVtIGluc3RhbGwgLXkgZWMyLWluc3RhbmNlLWNvbm5lY3QNCi0tTUlNRUJPVU5EQVJZDQpDb250ZW50LVRyYW5zZmVyLUVuY29kaW5nOiA3Yml0DQpDb250ZW50LVR5cGU6IHRleHQveC1zaGVsbHNjcmlwdA0KTWltZS1WZXJzaW9uOiAxLjANCg0KIyEvYmluL2Jhc2gKIyBUbyBydW4gb24gZmlyc3QgYm9vdCBvZiBhbiBFQzIgaW5zdGFuY2Ugd2l0aCBOVk1lIGluc3RhbmNlIHN0b3JhZ2Ugdm9sdW1lczoKIyAxKSBBc3NlbWJsZXMgdGhlbSBpbnRvIGEgUkFJRDAgYXJyYXksIGZvcm1hdHMgd2l0aCBYRlMsIGFuZCBtb3VudHMgdG8gL21udC9zY3JhdGNoCiMgMikgUmVwbGFjZXMgL3Zhci9saWIvZG9ja2VyIHdpdGggYSBzeW1saW5rIHRvIC9tbnQvc2NyYXRjaC9kb2NrZXIgc28gdGhhdCBkb2NrZXIgaW1hZ2VzIGFuZAojICAgIGNvbnRhaW5lciBmaWxlIHN5c3RlbXMgdXNlIHRoaXMgaGlnaC1wZXJmb3JtYW5jZSBzY3JhdGNoIHNwYWNlLiAocmVzdGFydHMgZG9ja2VyKQojIFRoZSBjb25maWd1cmF0aW9uIHBlcnNpc3RzIHRocm91Z2ggcmVib290cyAoYnV0IG5vdCBpbnN0YW5jZSBzdG9wKS4KIyBsb2dzIGdvIHRvIC92YXIvbG9nL2Nsb3VkLWluaXQtb3V0cHV0LmxvZwojIHJlZnM6CiMgaHR0cHM6Ly9kb2NzLmF3cy5hbWF6b24uY29tL0FXU0VDMi9sYXRlc3QvVXNlckd1aWRlL3NzZC1pbnN0YW5jZS1zdG9yZS5odG1sCiMgaHR0cHM6Ly9naXRodWIuY29tL2tpc2x5dWsvYWVnZWEvYmxvYi9tYXN0ZXIvYWVnZWEvcm9vdGZzLnNrZWwvdXNyL2Jpbi9hZWdlYS1mb3JtYXQtZXBoZW1lcmFsLXN0b3JhZ2UKCnNldCAtZXV4byBwaXBlZmFpbApzaG9wdCAtcyBudWxsZ2xvYgoKCiNkZXZpY2VzPSgvZGV2L3h2ZFtiLW1dIC9kZXYvZGlzay9ieS1pZC9udm1lLUFtYXpvbl9FQzJfTlZNZV9JbnN0YW5jZV9TdG9yYWdlX0FXUz8/Pz8/Pz8/Pz8/Pz8/Pz8/KQojbnVtX2RldmljZXM9IiR7I2RldmljZXNbQF19IgojaWYgKCggbnVtX2RldmljZXMgPiAwICkpICYmICEgZ3JlcCAvZGV2L21kMCA8KGRmKTsgdGhlbgojICAgIG1kYWRtIC0tY3JlYXRlIC9kZXYvbWQwIC0tZm9yY2UgLS1hdXRvPXllcyAtLWxldmVsPTAgLS1jaHVuaz0yNTYgLS1yYWlkLWRldmljZXM9JHtudW1fZGV2aWNlc30gJHtkZXZpY2VzW0BdfQojICAgIG1rZnMueGZzIC1mIC9kZXYvbWQwCiMgICAgbWtkaXIgLXAgL21udC9zY3JhdGNoCiMgICAgbW91bnQgLW8gZGVmYXVsdHMsbm9hdGltZSxsYXJnZWlvLGxvZ2JzaXplPTI1NmsgLXQgeGZzIC9kZXYvbWQwIC9tbnQvc2NyYXRjaAojICAgIGVjaG8gVVVJRD0kKGJsa2lkIC1zIFVVSUQgLW8gdmFsdWUgL2Rldi9tZDApIC9tbnQvc2NyYXRjaCB4ZnMgZGVmYXVsdHMsbm9hdGltZSxsYXJnZWlvLGxvZ2JzaXplPTI1NmsgMCAyID4+IC9ldGMvZnN0YWIKIyAgICB1cGRhdGUtaW5pdHJhbWZzIC11CiNmaQpta2RpciAtcCAvbW50L3NjcmF0Y2gvdG1wCnN5c3RlbWN0bCBzdG9wIGRvY2tlciB8fCB0cnVlCmlmIFsgLWQgL3Zhci9saWIvZG9ja2VyIF0gJiYgWyAhIC1MIC92YXIvbGliL2RvY2tlciBdOyB0aGVuCiAgIG12IC92YXIvbGliL2RvY2tlciAvbW50L3NjcmF0Y2gKZmkKICAgICAgICAKbWtkaXIgLXAgL21udC9zY3JhdGNoL2RvY2tlcgpsbiAtcyAvbW50L3NjcmF0Y2gvZG9ja2VyIC92YXIvbGliL2RvY2tlcgojIENyZWF0ZSBjaGVja3BvaW50IGRpcgp5dW0gaW5zdGFsbCAteSBhbWF6b24tZWZzLXV0aWxzCgpzeXN0ZW1jdGwgcmVzdGFydCBkb2NrZXIgfHwgdHJ1ZQoKc3lzdGVtY3RsIGVuYWJsZSAtLW5vdyAtLW5vLWJsb2NrIGVjcwoKIyBjaGVja3BvaW50IGRpcmVjdG9yeSBpcyBoYXJkY29kZWQgdG8gL21tYy1jaGVja3BvaW50IGluIHNuYXBzaG90IGVuZ2luZQojIG1pbml3ZGwgd2lsbCBjcmVhdGUgbmV3IHZwYyBieSBkZWZhdWx0LCBjcmVhdGUgZWZzIGluIHRoZSBuZXcgdnBjCkNIRUNLUE9JTlRfRUZTPWZzLTAzOGUxYzA5ZmU3NzM1YzI5LmVmcy51cy13ZXN0LTIuYW1hem9uYXdzLmNvbQojIGRvIG5vdCBtb3VudCBjaGVja3BvaW50IGVmcyB0byAvbW50L2VmcywgYmVjYXVzZSBtaW5pd2RsIHdpbGwgdXNlIC9tbnQvZWZzIGJ5IGRlZmF1bHQKbWtkaXIgLXAgL21tYy1jaGVja3BvaW50Cm1vdW50IC10IGVmcyAkQ0hFQ0tQT0lOVF9FRlM6LyAvbW1jLWNoZWNrcG9pbnQKZGYgLWgKCiMgSW5zdGFsbCBtbWNsb3VkIGJhdGNoIGVuZ2luZQpjdXJsIC1rIGh0dHBzOi8vMzQuMjEyLjEyMS45Mzo4MDgwL2FwaS92MS9zY3JpcHRzL2luc3RhbGwtcGFnZW50IHwgYmFzaAoNCi0tTUlNRUJPVU5EQVJZLS0NCg=="
          },
          "sensitive_attributes": []
        }
      ]
    },
    {
      "mode": "managed",
      "type": "aws_batch_compute_environment",
      "name": "task",
      "provider": "provider[\"registry.terraform.io/hashicorp/aws\"]",
      "instances": [
        {
          "schema_version": 0,
          "attributes": {
            "arn": "arn:aws:batch:us-west-2:976193236212:compute-environment/gn-mmbatch13miniwdl-task20250408020541121500000004",
            "compute_environment_name": "gn-mmbatch13miniwdl-task20250408020541121500000004",
            "compute_environment_name_prefix": "gn-mmbatch13miniwdl-task",
            "compute_resources": [
              {
                "allocation_strategy": "SPOT_CAPACITY_OPTIMIZED",
                "bid_percentage": 0,
                "desired_vcpus": 0,
                "ec2_configuration": [
                  {
                    "image_id_override": "ami-04da7f769868de7b0",
                    "image_type": "ECS_AL2023"
                  }
                ],
                "ec2_key_pair": "",
                "image_id": "",
                "instance_role": "arn:aws:iam::976193236212:instance-profile/gn-mmbatch13miniwdl-task",
                "instance_type": [
                  "c5.12xlarge",
                  "c5.18xlarge",
                  "c5.24xlarge",
                  "c5.2xlarge",
                  "c5.4xlarge",
                  "c5.9xlarge"
                ],
                "launch_template": [
                  {
                    "launch_template_id": "lt-04cc87ae28272ef4a",
                    "launch_template_name": "",
                    "version": "1"
                  }
                ],
                "max_vcpus": 256,
                "min_vcpus": 0,
                "placement_group": "",
                "security_group_ids": [
                  "sg-0d71988b4be01b713"
                ],
                "spot_iam_fleet_role": "arn:aws:iam::976193236212:role/gn-mmbatch13miniwdl-spot",
                "subnets": [
                  "subnet-064d4ce55f818922a",
                  "subnet-0885bf7c439f9d573",
                  "subnet-09ad6e4c9595f6a96",
                  "subnet-0d3f93605dc58b226"
                ],
                "tags": {},
                "type": "SPOT"
              }
            ],
            "ecs_cluster_arn": "arn:aws:ecs:us-west-2:976193236212:cluster/gn-mmbatch13miniwdl-task20250408020541121500000004_Batch_b5463a56-1e87-32c9-83b3-8f3865a90539",
            "eks_configuration": [],
            "id": "gn-mmbatch13miniwdl-task20250408020541121500000004",
            "service_role": "arn:aws:iam::976193236212:role/gn-mmbatch13miniwdl-batch",
            "state": "ENABLED",
            "status": "INVALID",
            "status_reason": "CLIENT_ERROR - You must use a valid fully-formed launch template. The architecture 'x86_64' of the specified instance type does not match the architecture 'arm64' of the specified AMI. Specify an instance type and an AMI that have matching architectures, and try again. You can use 'describe-instance-types' or 'describe-images' to discover the architecture of the instance type or AMI.",
            "tags": {},
            "tags_all": {
              "Environment": "gn-mmbatch13miniwdl",
              "Owner": "gauri.nagavkar@memverge.com"
            },
            "type": "MANAGED",
            "update_policy": []
          },
          "sensitive_attributes": [],
          "private": "bnVsbA==",
          "dependencies": [
            "aws_iam_instance_profile.task",
            "aws_iam_role.batch",
            "aws_iam_role.spot_fleet",
            "aws_iam_role.task",
            "aws_launch_template.task",
            "aws_security_group.all",
            "aws_subnet.public",
            "aws_vpc.vpc",
            "data.aws_availability_zones.available",
            "data.cloudinit_config.task"
          ],
          "create_before_destroy": true
        }
      ]
    },
    {
      "mode": "managed",
      "type": "aws_batch_compute_environment",
      "name": "task_fallback",
      "provider": "provider[\"registry.terraform.io/hashicorp/aws\"]",
      "instances": [
        {
          "schema_version": 0,
          "attributes": {
            "arn": "arn:aws:batch:us-west-2:976193236212:compute-environment/gn-mmbatch13miniwdl-task-fallback20250408020541120600000003",
            "compute_environment_name": "gn-mmbatch13miniwdl-task-fallback20250408020541120600000003",
            "compute_environment_name_prefix": "gn-mmbatch13miniwdl-task-fallback",
            "compute_resources": [
              {
                "allocation_strategy": "BEST_FIT_PROGRESSIVE",
                "bid_percentage": 0,
                "desired_vcpus": 0,
                "ec2_configuration": [
                  {
                    "image_id_override": "",
                    "image_type": "ECS_AL2"
                  }
                ],
                "ec2_key_pair": "",
                "image_id": "",
                "instance_role": "arn:aws:iam::976193236212:instance-profile/gn-mmbatch13miniwdl-task",
                "instance_type": [
                  "c5d",
                  "m5d",
                  "r5d"
                ],
                "launch_template": [
                  {
                    "launch_template_id": "lt-04cc87ae28272ef4a",
                    "launch_template_name": "",
                    "version": "1"
                  }
                ],
                "max_vcpus": 256,
                "min_vcpus": 0,
                "placement_group": "",
                "security_group_ids": [
                  "sg-0d71988b4be01b713"
                ],
                "spot_iam_fleet_role": "arn:aws:iam::976193236212:role/gn-mmbatch13miniwdl-spot",
                "subnets": [
                  "subnet-064d4ce55f818922a",
                  "subnet-0885bf7c439f9d573",
                  "subnet-09ad6e4c9595f6a96",
                  "subnet-0d3f93605dc58b226"
                ],
                "tags": {},
                "type": "EC2"
              }
            ],
            "ecs_cluster_arn": "arn:aws:ecs:us-west-2:976193236212:cluster/gn-mmbatch13miniwdl-task-fallback20250408020541120600000003_Batch_4f2f5173-11e0-3568-8981-7792d6a2fc3c",
            "eks_configuration": [],
            "id": "gn-mmbatch13miniwdl-task-fallback20250408020541120600000003",
            "service_role": "arn:aws:iam::976193236212:role/gn-mmbatch13miniwdl-batch",
            "state": "ENABLED",
            "status": "VALID",
            "status_reason": "ComputeEnvironment Healthy",
            "tags": {},
            "tags_all": {
              "Environment": "gn-mmbatch13miniwdl",
              "Owner": "gauri.nagavkar@memverge.com"
            },
            "type": "MANAGED",
            "update_policy": []
          },
          "sensitive_attributes": [],
          "private": "bnVsbA==",
          "dependencies": [
            "aws_iam_instance_profile.task",
            "aws_iam_role.batch",
            "aws_iam_role.spot_fleet",
            "aws_iam_role.task",
            "aws_launch_template.task",
            "aws_security_group.all",
            "aws_subnet.public",
            "aws_vpc.vpc",
            "data.aws_availability_zones.available",
            "data.cloudinit_config.task"
          ],
          "create_before_destroy": true
        }
      ]
    },
    {
      "mode": "managed",
      "type": "aws_batch_compute_environment",
      "name": "workflow",
      "provider": "provider[\"registry.terraform.io/hashicorp/aws\"]",
      "instances": [
        {
          "schema_version": 0,
          "attributes": {
            "arn": "arn:aws:batch:us-west-2:976193236212:compute-environment/gn-mmbatch13miniwdl-workflow20250408020531511600000001",
            "compute_environment_name": "gn-mmbatch13miniwdl-workflow20250408020531511600000001",
            "compute_environment_name_prefix": "gn-mmbatch13miniwdl-workflow",
            "compute_resources": [
              {
                "allocation_strategy": "",
                "bid_percentage": 0,
                "desired_vcpus": 0,
                "ec2_configuration": [],
                "ec2_key_pair": "",
                "image_id": "",
                "instance_role": "",
                "instance_type": [],
                "launch_template": [],
                "max_vcpus": 16,
                "min_vcpus": 0,
                "placement_group": "",
                "security_group_ids": [
                  "sg-0d71988b4be01b713"
                ],
                "spot_iam_fleet_role": "",
                "subnets": [
                  "subnet-064d4ce55f818922a",
                  "subnet-0885bf7c439f9d573",
                  "subnet-09ad6e4c9595f6a96",
                  "subnet-0d3f93605dc58b226"
                ],
                "tags": {},
                "type": "FARGATE"
              }
            ],
            "ecs_cluster_arn": "arn:aws:ecs:us-west-2:976193236212:cluster/gn-mmbatch13miniwdl-workflow20250408020531511600000001_Batch_a04b1ab4-609d-3962-adb0-a613552bb528",
            "eks_configuration": [],
            "id": "gn-mmbatch13miniwdl-workflow20250408020531511600000001",
            "service_role": "arn:aws:iam::976193236212:role/gn-mmbatch13miniwdl-batch",
            "state": "ENABLED",
            "status": "VALID",
            "status_reason": "ComputeEnvironment Healthy",
            "tags": {},
            "tags_all": {
              "Environment": "gn-mmbatch13miniwdl",
              "Owner": "gauri.nagavkar@memverge.com"
            },
            "type": "MANAGED",
            "update_policy": []
          },
          "sensitive_attributes": [],
          "private": "bnVsbA==",
          "dependencies": [
            "aws_iam_role.batch",
            "aws_security_group.all",
            "aws_subnet.public",
            "aws_vpc.vpc",
            "data.aws_availability_zones.available"
          ],
          "create_before_destroy": true
        }
      ]
    },
    {
      "mode": "managed",
      "type": "aws_batch_job_queue",
      "name": "task",
      "provider": "provider[\"registry.terraform.io/hashicorp/aws\"]",
      "instances": [
        {
          "schema_version": 1,
          "attributes": {
            "arn": "arn:aws:batch:us-west-2:976193236212:job-queue/gn-mmbatch13miniwdl-task",
            "compute_environment_order": [],
            "compute_environments": [
              "arn:aws:batch:us-west-2:976193236212:compute-environment/gn-mmbatch13miniwdl-task20250408020541121500000004"
            ],
            "id": "arn:aws:batch:us-west-2:976193236212:job-queue/gn-mmbatch13miniwdl-task",
            "job_state_time_limit_action": [],
            "name": "gn-mmbatch13miniwdl-task",
            "priority": 1,
            "scheduling_policy_arn": null,
            "state": "ENABLED",
            "tags": null,
            "tags_all": {
              "Environment": "gn-mmbatch13miniwdl",
              "Owner": "gauri.nagavkar@memverge.com"
            },
            "timeouts": null
          },
          "sensitive_attributes": [],
          "dependencies": [
            "aws_batch_compute_environment.task",
            "aws_iam_instance_profile.task",
            "aws_iam_role.batch",
            "aws_iam_role.spot_fleet",
            "aws_iam_role.task",
            "aws_launch_template.task",
            "aws_security_group.all",
            "aws_subnet.public",
            "aws_vpc.vpc",
            "data.aws_availability_zones.available",
            "data.cloudinit_config.task"
          ]
        }
      ]
    },
    {
      "mode": "managed",
      "type": "aws_batch_job_queue",
      "name": "task_fallback",
      "provider": "provider[\"registry.terraform.io/hashicorp/aws\"]",
      "instances": [
        {
          "schema_version": 1,
          "attributes": {
            "arn": "arn:aws:batch:us-west-2:976193236212:job-queue/gn-mmbatch13miniwdl-task-fallback",
            "compute_environment_order": [],
            "compute_environments": [
              "arn:aws:batch:us-west-2:976193236212:compute-environment/gn-mmbatch13miniwdl-task-fallback20250408020541120600000003"
            ],
            "id": "arn:aws:batch:us-west-2:976193236212:job-queue/gn-mmbatch13miniwdl-task-fallback",
            "job_state_time_limit_action": [],
            "name": "gn-mmbatch13miniwdl-task-fallback",
            "priority": 1,
            "scheduling_policy_arn": null,
            "state": "ENABLED",
            "tags": null,
            "tags_all": {
              "Environment": "gn-mmbatch13miniwdl",
              "Owner": "gauri.nagavkar@memverge.com"
            },
            "timeouts": null
          },
          "sensitive_attributes": [],
          "dependencies": [
            "aws_batch_compute_environment.task_fallback",
            "aws_iam_instance_profile.task",
            "aws_iam_role.batch",
            "aws_iam_role.spot_fleet",
            "aws_iam_role.task",
            "aws_launch_template.task",
            "aws_security_group.all",
            "aws_subnet.public",
            "aws_vpc.vpc",
            "data.aws_availability_zones.available",
            "data.cloudinit_config.task"
          ]
        }
      ]
    },
    {
      "mode": "managed",
      "type": "aws_batch_job_queue",
      "name": "workflow",
      "provider": "provider[\"registry.terraform.io/hashicorp/aws\"]",
      "instances": [
        {
          "schema_version": 1,
          "attributes": {
            "arn": "arn:aws:batch:us-west-2:976193236212:job-queue/gn-mmbatch13miniwdl-workflow",
            "compute_environment_order": [],
            "compute_environments": [
              "arn:aws:batch:us-west-2:976193236212:compute-environment/gn-mmbatch13miniwdl-workflow20250408020531511600000001"
            ],
            "id": "arn:aws:batch:us-west-2:976193236212:job-queue/gn-mmbatch13miniwdl-workflow",
            "job_state_time_limit_action": [],
            "name": "gn-mmbatch13miniwdl-workflow",
            "priority": 1,
            "scheduling_policy_arn": null,
            "state": "ENABLED",
            "tags": {
              "DefaultFsap": "fsap-0f481b85abad97916",
              "DefaultTaskQueue": "gn-mmbatch13miniwdl-task",
              "WorkflowEngineRoleArn": "arn:aws:iam::976193236212:role/gn-mmbatch13miniwdl-workflow"
            },
            "tags_all": {
              "DefaultFsap": "fsap-0f481b85abad97916",
              "DefaultTaskQueue": "gn-mmbatch13miniwdl-task",
              "Environment": "gn-mmbatch13miniwdl",
              "Owner": "gauri.nagavkar@memverge.com",
              "WorkflowEngineRoleArn": "arn:aws:iam::976193236212:role/gn-mmbatch13miniwdl-workflow"
            },
            "timeouts": null
          },
          "sensitive_attributes": [],
          "dependencies": [
            "aws_batch_compute_environment.task",
            "aws_batch_compute_environment.task_fallback",
            "aws_batch_compute_environment.workflow",
            "aws_batch_job_queue.task",
            "aws_batch_job_queue.task_fallback",
            "aws_efs_access_point.ap",
            "aws_efs_file_system.efs",
            "aws_iam_instance_profile.task",
            "aws_iam_role.batch",
            "aws_iam_role.spot_fleet",
            "aws_iam_role.task",
            "aws_iam_role.workflow",
            "aws_launch_template.task",
            "aws_security_group.all",
            "aws_subnet.public",
            "aws_vpc.vpc",
            "data.aws_availability_zones.available",
            "data.cloudinit_config.task"
          ]
        }
      ]
    },
    {
      "mode": "managed",
      "type": "aws_efs_access_point",
      "name": "ap",
      "provider": "provider[\"registry.terraform.io/hashicorp/aws\"]",
      "instances": [
        {
          "schema_version": 0,
          "attributes": {
            "arn": "arn:aws:elasticfilesystem:us-west-2:976193236212:access-point/fsap-0f481b85abad97916",
            "file_system_arn": "arn:aws:elasticfilesystem:us-west-2:976193236212:file-system/fs-048c0bcec85e8d4fa",
            "file_system_id": "fs-048c0bcec85e8d4fa",
            "id": "fsap-0f481b85abad97916",
            "owner_id": "976193236212",
            "posix_user": [
              {
                "gid": 0,
                "secondary_gids": [],
                "uid": 0
              }
            ],
            "root_directory": [
              {
                "creation_info": [],
                "path": "/"
              }
            ],
            "tags": {},
            "tags_all": {
              "Environment": "gn-mmbatch13miniwdl",
              "Owner": "gauri.nagavkar@memverge.com"
            }
          },
          "sensitive_attributes": [],
          "private": "bnVsbA==",
          "dependencies": [
            "aws_efs_file_system.efs"
          ]
        }
      ]
    },
    {
      "mode": "managed",
      "type": "aws_efs_file_system",
      "name": "efs",
      "provider": "provider[\"registry.terraform.io/hashicorp/aws\"]",
      "instances": [
        {
          "schema_version": 0,
          "attributes": {
            "arn": "arn:aws:elasticfilesystem:us-west-2:976193236212:file-system/fs-048c0bcec85e8d4fa",
            "availability_zone_id": "",
            "availability_zone_name": "",
            "creation_token": "terraform-20250403232816715000000001",
            "dns_name": "fs-048c0bcec85e8d4fa.efs.us-west-2.amazonaws.com",
            "encrypted": true,
            "id": "fs-048c0bcec85e8d4fa",
            "kms_key_id": "arn:aws:kms:us-west-2:976193236212:key/fb66b260-9451-4777-baf5-c29bcf348872",
            "lifecycle_policy": [
              {
                "transition_to_archive": "",
                "transition_to_ia": "AFTER_14_DAYS",
                "transition_to_primary_storage_class": ""
              },
              {
                "transition_to_archive": "",
                "transition_to_ia": "",
                "transition_to_primary_storage_class": "AFTER_1_ACCESS"
              }
            ],
            "name": "",
            "number_of_mount_targets": 4,
            "owner_id": "976193236212",
            "performance_mode": "generalPurpose",
            "protection": [
              {
                "replication_overwrite": "ENABLED"
              }
            ],
            "provisioned_throughput_in_mibps": 0,
            "size_in_bytes": [
              {
                "value": 49361096704,
                "value_in_ia": 0,
                "value_in_standard": 49361096704
              }
            ],
            "tags": {},
            "tags_all": {
              "Environment": "gn-mmbatch13miniwdl",
              "Owner": "gauri.nagavkar@memverge.com"
            },
            "throughput_mode": "bursting"
          },
          "sensitive_attributes": [],
          "private": "bnVsbA=="
        }
      ]
    },
    {
      "mode": "managed",
      "type": "aws_efs_mount_target",
      "name": "target",
      "provider": "provider[\"registry.terraform.io/hashicorp/aws\"]",
      "instances": [
        {
          "index_key": 0,
          "schema_version": 0,
          "attributes": {
            "availability_zone_id": "usw2-az1",
            "availability_zone_name": "us-west-2a",
            "dns_name": "fs-048c0bcec85e8d4fa.efs.us-west-2.amazonaws.com",
            "file_system_arn": "arn:aws:elasticfilesystem:us-west-2:976193236212:file-system/fs-048c0bcec85e8d4fa",
            "file_system_id": "fs-048c0bcec85e8d4fa",
            "id": "fsmt-0705bad891fc0c3aa",
            "ip_address": "10.0.5.145",
            "mount_target_dns_name": "us-west-2a.fs-048c0bcec85e8d4fa.efs.us-west-2.amazonaws.com",
            "network_interface_id": "eni-02ba9a810024ddcd9",
            "owner_id": "976193236212",
            "security_groups": [
              "sg-0d71988b4be01b713"
            ],
            "subnet_id": "subnet-064d4ce55f818922a",
            "timeouts": null
          },
          "sensitive_attributes": [],
          "private": "eyJlMmJmYjczMC1lY2FhLTExZTYtOGY4OC0zNDM2M2JjN2M0YzAiOnsiY3JlYXRlIjoxODAwMDAwMDAwMDAwLCJkZWxldGUiOjYwMDAwMDAwMDAwMH19",
          "dependencies": [
            "aws_efs_file_system.efs",
            "aws_security_group.all",
            "aws_subnet.public",
            "aws_vpc.vpc",
            "data.aws_availability_zones.available"
          ]
        },
        {
          "index_key": 1,
          "schema_version": 0,
          "attributes": {
            "availability_zone_id": "usw2-az2",
            "availability_zone_name": "us-west-2b",
            "dns_name": "fs-048c0bcec85e8d4fa.efs.us-west-2.amazonaws.com",
            "file_system_arn": "arn:aws:elasticfilesystem:us-west-2:976193236212:file-system/fs-048c0bcec85e8d4fa",
            "file_system_id": "fs-048c0bcec85e8d4fa",
            "id": "fsmt-07944ef0f1d9d7401",
            "ip_address": "10.0.43.182",
            "mount_target_dns_name": "us-west-2b.fs-048c0bcec85e8d4fa.efs.us-west-2.amazonaws.com",
            "network_interface_id": "eni-000217e0e864e529e",
            "owner_id": "976193236212",
            "security_groups": [
              "sg-0d71988b4be01b713"
            ],
            "subnet_id": "subnet-0d3f93605dc58b226",
            "timeouts": null
          },
          "sensitive_attributes": [],
          "private": "eyJlMmJmYjczMC1lY2FhLTExZTYtOGY4OC0zNDM2M2JjN2M0YzAiOnsiY3JlYXRlIjoxODAwMDAwMDAwMDAwLCJkZWxldGUiOjYwMDAwMDAwMDAwMH19",
          "dependencies": [
            "aws_efs_file_system.efs",
            "aws_security_group.all",
            "aws_subnet.public",
            "aws_vpc.vpc",
            "data.aws_availability_zones.available"
          ]
        },
        {
          "index_key": 2,
          "schema_version": 0,
          "attributes": {
            "availability_zone_id": "usw2-az3",
            "availability_zone_name": "us-west-2c",
            "dns_name": "fs-048c0bcec85e8d4fa.efs.us-west-2.amazonaws.com",
            "file_system_arn": "arn:aws:elasticfilesystem:us-west-2:976193236212:file-system/fs-048c0bcec85e8d4fa",
            "file_system_id": "fs-048c0bcec85e8d4fa",
            "id": "fsmt-0d5e0340583e97ad5",
            "ip_address": "10.0.65.135",
            "mount_target_dns_name": "us-west-2c.fs-048c0bcec85e8d4fa.efs.us-west-2.amazonaws.com",
            "network_interface_id": "eni-0a9f03e0a5d393451",
            "owner_id": "976193236212",
            "security_groups": [
              "sg-0d71988b4be01b713"
            ],
            "subnet_id": "subnet-09ad6e4c9595f6a96",
            "timeouts": null
          },
          "sensitive_attributes": [],
          "private": "eyJlMmJmYjczMC1lY2FhLTExZTYtOGY4OC0zNDM2M2JjN2M0YzAiOnsiY3JlYXRlIjoxODAwMDAwMDAwMDAwLCJkZWxldGUiOjYwMDAwMDAwMDAwMH19",
          "dependencies": [
            "aws_efs_file_system.efs",
            "aws_security_group.all",
            "aws_subnet.public",
            "aws_vpc.vpc",
            "data.aws_availability_zones.available"
          ]
        },
        {
          "index_key": 3,
          "schema_version": 0,
          "attributes": {
            "availability_zone_id": "usw2-az4",
            "availability_zone_name": "us-west-2d",
            "dns_name": "fs-048c0bcec85e8d4fa.efs.us-west-2.amazonaws.com",
            "file_system_arn": "arn:aws:elasticfilesystem:us-west-2:976193236212:file-system/fs-048c0bcec85e8d4fa",
            "file_system_id": "fs-048c0bcec85e8d4fa",
            "id": "fsmt-0fe9f50ec09d6675b",
            "ip_address": "10.0.97.88",
            "mount_target_dns_name": "us-west-2d.fs-048c0bcec85e8d4fa.efs.us-west-2.amazonaws.com",
            "network_interface_id": "eni-06f661d6681c57d15",
            "owner_id": "976193236212",
            "security_groups": [
              "sg-0d71988b4be01b713"
            ],
            "subnet_id": "subnet-0885bf7c439f9d573",
            "timeouts": null
          },
          "sensitive_attributes": [],
          "private": "eyJlMmJmYjczMC1lY2FhLTExZTYtOGY4OC0zNDM2M2JjN2M0YzAiOnsiY3JlYXRlIjoxODAwMDAwMDAwMDAwLCJkZWxldGUiOjYwMDAwMDAwMDAwMH19",
          "dependencies": [
            "aws_efs_file_system.efs",
            "aws_security_group.all",
            "aws_subnet.public",
            "aws_vpc.vpc",
            "data.aws_availability_zones.available"
          ]
        }
      ]
    },
    {
      "mode": "managed",
      "type": "aws_iam_instance_profile",
      "name": "task",
      "provider": "provider[\"registry.terraform.io/hashicorp/aws\"]",
      "instances": [
        {
          "schema_version": 0,
          "attributes": {
            "arn": "arn:aws:iam::976193236212:instance-profile/gn-mmbatch13miniwdl-task",
            "create_date": "2025-04-08T02:05:29Z",
            "id": "gn-mmbatch13miniwdl-task",
            "name": "gn-mmbatch13miniwdl-task",
            "name_prefix": "",
            "path": "/",
            "role": "gn-mmbatch13miniwdl-task",
            "tags": {},
            "tags_all": {
              "Environment": "gn-mmbatch13miniwdl",
              "Owner": "gauri.nagavkar@memverge.com"
            },
            "unique_id": "AIPA6GSNGVT2A2YUALR6H"
          },
          "sensitive_attributes": [],
          "private": "bnVsbA==",
          "dependencies": [
            "aws_iam_role.task"
          ],
          "create_before_destroy": true
        }
      ]
    },
    {
      "mode": "managed",
      "type": "aws_iam_role",
      "name": "batch",
      "provider": "provider[\"registry.terraform.io/hashicorp/aws\"]",
      "instances": [
        {
          "schema_version": 0,
          "attributes": {
            "arn": "arn:aws:iam::976193236212:role/gn-mmbatch13miniwdl-batch",
            "assume_role_policy": "{\"Statement\":[{\"Action\":\"sts:AssumeRole\",\"Effect\":\"Allow\",\"Principal\":{\"Service\":\"batch.amazonaws.com\"},\"Sid\":\"\"}],\"Version\":\"2012-10-17\"}",
            "create_date": "2025-04-08T02:05:28Z",
            "description": "",
            "force_detach_policies": false,
            "id": "gn-mmbatch13miniwdl-batch",
            "inline_policy": [],
            "managed_policy_arns": [
              "arn:aws:iam::aws:policy/service-role/AWSBatchServiceRole"
            ],
            "max_session_duration": 3600,
            "name": "gn-mmbatch13miniwdl-batch",
            "name_prefix": "",
            "path": "/",
            "permissions_boundary": "",
            "tags": {},
            "tags_all": {
              "Environment": "gn-mmbatch13miniwdl",
              "Owner": "gauri.nagavkar@memverge.com"
            },
            "unique_id": "AROA6GSNGVT2OP5IEYXWX"
          },
          "sensitive_attributes": [],
          "private": "bnVsbA==",
          "create_before_destroy": true
        }
      ]
    },
    {
      "mode": "managed",
      "type": "aws_iam_role",
      "name": "spot_fleet",
      "provider": "provider[\"registry.terraform.io/hashicorp/aws\"]",
      "instances": [
        {
          "schema_version": 0,
          "attributes": {
            "arn": "arn:aws:iam::976193236212:role/gn-mmbatch13miniwdl-spot",
            "assume_role_policy": "{\"Statement\":[{\"Action\":\"sts:AssumeRole\",\"Effect\":\"Allow\",\"Principal\":{\"Service\":\"spotfleet.amazonaws.com\"},\"Sid\":\"\"}],\"Version\":\"2012-10-17\"}",
            "create_date": "2025-04-08T02:05:28Z",
            "description": "",
            "force_detach_policies": false,
            "id": "gn-mmbatch13miniwdl-spot",
            "inline_policy": [],
            "managed_policy_arns": [
              "arn:aws:iam::aws:policy/service-role/AmazonEC2SpotFleetTaggingRole"
            ],
            "max_session_duration": 3600,
            "name": "gn-mmbatch13miniwdl-spot",
            "name_prefix": "",
            "path": "/",
            "permissions_boundary": "",
            "tags": {},
            "tags_all": {
              "Environment": "gn-mmbatch13miniwdl",
              "Owner": "gauri.nagavkar@memverge.com"
            },
            "unique_id": "AROA6GSNGVT2HDQMWH4TK"
          },
          "sensitive_attributes": [],
          "private": "bnVsbA==",
          "create_before_destroy": true
        }
      ]
    },
    {
      "mode": "managed",
      "type": "aws_iam_role",
      "name": "task",
      "provider": "provider[\"registry.terraform.io/hashicorp/aws\"]",
      "instances": [
        {
          "schema_version": 0,
          "attributes": {
            "arn": "arn:aws:iam::976193236212:role/gn-mmbatch13miniwdl-task",
            "assume_role_policy": "{\"Statement\":[{\"Action\":\"sts:AssumeRole\",\"Effect\":\"Allow\",\"Principal\":{\"Service\":\"ec2.amazonaws.com\"},\"Sid\":\"\"}],\"Version\":\"2012-10-17\"}",
            "create_date": "2025-04-08T02:05:28Z",
            "description": "",
            "force_detach_policies": false,
            "id": "gn-mmbatch13miniwdl-task",
            "inline_policy": [],
            "managed_policy_arns": [
              "arn:aws:iam::aws:policy/AmazonEC2ContainerRegistryReadOnly",
              "arn:aws:iam::aws:policy/AmazonElasticFileSystemClientReadWriteAccess",
              "arn:aws:iam::aws:policy/AmazonS3ReadOnlyAccess",
              "arn:aws:iam::aws:policy/service-role/AmazonEC2ContainerServiceforEC2Role"
            ],
            "max_session_duration": 3600,
            "name": "gn-mmbatch13miniwdl-task",
            "name_prefix": "",
            "path": "/",
            "permissions_boundary": "",
            "tags": {},
            "tags_all": {
              "Environment": "gn-mmbatch13miniwdl",
              "Owner": "gauri.nagavkar@memverge.com"
            },
            "unique_id": "AROA6GSNGVT2PGL5JARTV"
          },
          "sensitive_attributes": [],
          "private": "bnVsbA==",
          "create_before_destroy": true
        }
      ]
    },
    {
      "mode": "managed",
      "type": "aws_iam_role",
      "name": "workflow",
      "provider": "provider[\"registry.terraform.io/hashicorp/aws\"]",
      "instances": [
        {
          "schema_version": 0,
          "attributes": {
            "arn": "arn:aws:iam::976193236212:role/gn-mmbatch13miniwdl-workflow",
            "assume_role_policy": "{\"Statement\":[{\"Action\":\"sts:AssumeRole\",\"Effect\":\"Allow\",\"Principal\":{\"Service\":\"ecs-tasks.amazonaws.com\"},\"Sid\":\"\"}],\"Version\":\"2012-10-17\"}",
            "create_date": "2025-04-08T02:03:48Z",
            "description": "",
            "force_detach_policies": false,
            "id": "gn-mmbatch13miniwdl-workflow",
            "inline_policy": [
              {
                "name": "gn-mmbatch13miniwdl-workflow-s3upload",
                "policy": "{\"Version\":\"2012-10-17\",\"Statement\":[{\"Action\":[\"s3:PutObject\"],\"Effect\":\"Allow\",\"Resource\":[\"arn:aws:s3:::gn-mmab-miniwdl-0403/*\"]}]}"
              }
            ],
            "managed_policy_arns": [
              "arn:aws:iam::aws:policy/AWSBatchFullAccess",
              "arn:aws:iam::aws:policy/AmazonEC2ContainerRegistryReadOnly",
              "arn:aws:iam::aws:policy/AmazonElasticFileSystemClientFullAccess",
              "arn:aws:iam::aws:policy/AmazonS3ReadOnlyAccess",
              "arn:aws:iam::aws:policy/service-role/AmazonECSTaskExecutionRolePolicy"
            ],
            "max_session_duration": 3600,
            "name": "gn-mmbatch13miniwdl-workflow",
            "name_prefix": "",
            "path": "/",
            "permissions_boundary": "",
            "tags": {},
            "tags_all": {
              "Environment": "gn-mmbatch13miniwdl",
              "Owner": "gauri.nagavkar@memverge.com"
            },
            "unique_id": "AROA6GSNGVT2L7VIH6N2K"
          },
          "sensitive_attributes": [],
          "private": "bnVsbA=="
        }
      ]
    },
    {
      "mode": "managed",
      "type": "aws_internet_gateway",
      "name": "igw",
      "provider": "provider[\"registry.terraform.io/hashicorp/aws\"]",
      "instances": [
        {
          "schema_version": 0,
          "attributes": {
            "arn": "arn:aws:ec2:us-west-2:976193236212:internet-gateway/igw-0b273dc6008b77119",
            "id": "igw-0b273dc6008b77119",
            "owner_id": "976193236212",
            "tags": {},
            "tags_all": {
              "Environment": "gn-mmbatch13miniwdl",
              "Owner": "gauri.nagavkar@memverge.com"
            },
            "timeouts": null,
            "vpc_id": "vpc-010e1859c196ef418"
          },
          "sensitive_attributes": [],
          "private": "eyJlMmJmYjczMC1lY2FhLTExZTYtOGY4OC0zNDM2M2JjN2M0YzAiOnsiY3JlYXRlIjoxMjAwMDAwMDAwMDAwLCJkZWxldGUiOjEyMDAwMDAwMDAwMDAsInVwZGF0ZSI6MTIwMDAwMDAwMDAwMH19",
          "dependencies": [
            "aws_vpc.vpc"
          ]
        }
      ]
    },
    {
      "mode": "managed",
      "type": "aws_launch_template",
      "name": "task",
      "provider": "provider[\"registry.terraform.io/hashicorp/aws\"]",
      "instances": [
        {
          "schema_version": 0,
          "attributes": {
            "arn": "arn:aws:ec2:us-west-2:976193236212:launch-template/lt-04cc87ae28272ef4a",
            "block_device_mappings": [
              {
                "device_name": "/dev/xvda",
                "ebs": [
                  {
                    "delete_on_termination": "",
                    "encrypted": "",
                    "iops": 0,
                    "kms_key_id": "",
                    "snapshot_id": "",
                    "throughput": 0,
                    "volume_size": 40,
                    "volume_type": "gp3"
                  }
                ],
                "no_device": "",
                "virtual_name": ""
              }
            ],
            "capacity_reservation_specification": [],
            "cpu_options": [],
            "credit_specification": [],
            "default_version": 1,
            "description": "",
            "disable_api_stop": false,
            "disable_api_termination": false,
            "ebs_optimized": "",
            "elastic_gpu_specifications": [],
            "elastic_inference_accelerator": [],
            "enclave_options": [],
            "hibernation_options": [],
            "iam_instance_profile": [
              {
                "arn": "",
                "name": "gn-mmbatch13miniwdl-task"
              }
            ],
            "id": "lt-04cc87ae28272ef4a",
            "image_id": "",
            "instance_initiated_shutdown_behavior": "",
            "instance_market_options": [],
            "instance_requirements": [],
            "instance_type": "",
            "kernel_id": "",
            "key_name": "workshop2-us-west-2",
            "latest_version": 1,
            "license_specification": [],
            "maintenance_options": [],
            "metadata_options": [],
            "monitoring": [],
            "name": "gn-mmbatch13miniwdl-task",
            "name_prefix": "",
            "network_interfaces": [],
            "placement": [],
            "private_dns_name_options": [],
            "ram_disk_id": "",
            "security_group_names": [],
            "tag_specifications": [],
            "tags": {},
            "tags_all": {
              "Environment": "gn-mmbatch13miniwdl",
              "Owner": "gauri.nagavkar@memverge.com"
            },
            "update_default_version": true,
            "user_data": "Q29udGVudC1UeXBlOiBtdWx0aXBhcnQvbWl4ZWQ7IGJvdW5kYXJ5PSJNSU1FQk9VTkRBUlkiCk1JTUUtVmVyc2lvbjogMS4wDQoNCi0tTUlNRUJPVU5EQVJZDQpDb250ZW50LVRyYW5zZmVyLUVuY29kaW5nOiA3Yml0DQpDb250ZW50LVR5cGU6IHRleHQveC1zaGVsbHNjcmlwdA0KTWltZS1WZXJzaW9uOiAxLjANCg0KeXVtIGluc3RhbGwgLXkgZWMyLWluc3RhbmNlLWNvbm5lY3QNCi0tTUlNRUJPVU5EQVJZDQpDb250ZW50LVRyYW5zZmVyLUVuY29kaW5nOiA3Yml0DQpDb250ZW50LVR5cGU6IHRleHQveC1zaGVsbHNjcmlwdA0KTWltZS1WZXJzaW9uOiAxLjANCg0KIyEvYmluL2Jhc2gKIyBUbyBydW4gb24gZmlyc3QgYm9vdCBvZiBhbiBFQzIgaW5zdGFuY2Ugd2l0aCBOVk1lIGluc3RhbmNlIHN0b3JhZ2Ugdm9sdW1lczoKIyAxKSBBc3NlbWJsZXMgdGhlbSBpbnRvIGEgUkFJRDAgYXJyYXksIGZvcm1hdHMgd2l0aCBYRlMsIGFuZCBtb3VudHMgdG8gL21udC9zY3JhdGNoCiMgMikgUmVwbGFjZXMgL3Zhci9saWIvZG9ja2VyIHdpdGggYSBzeW1saW5rIHRvIC9tbnQvc2NyYXRjaC9kb2NrZXIgc28gdGhhdCBkb2NrZXIgaW1hZ2VzIGFuZAojICAgIGNvbnRhaW5lciBmaWxlIHN5c3RlbXMgdXNlIHRoaXMgaGlnaC1wZXJmb3JtYW5jZSBzY3JhdGNoIHNwYWNlLiAocmVzdGFydHMgZG9ja2VyKQojIFRoZSBjb25maWd1cmF0aW9uIHBlcnNpc3RzIHRocm91Z2ggcmVib290cyAoYnV0IG5vdCBpbnN0YW5jZSBzdG9wKS4KIyBsb2dzIGdvIHRvIC92YXIvbG9nL2Nsb3VkLWluaXQtb3V0cHV0LmxvZwojIHJlZnM6CiMgaHR0cHM6Ly9kb2NzLmF3cy5hbWF6b24uY29tL0FXU0VDMi9sYXRlc3QvVXNlckd1aWRlL3NzZC1pbnN0YW5jZS1zdG9yZS5odG1sCiMgaHR0cHM6Ly9naXRodWIuY29tL2tpc2x5dWsvYWVnZWEvYmxvYi9tYXN0ZXIvYWVnZWEvcm9vdGZzLnNrZWwvdXNyL2Jpbi9hZWdlYS1mb3JtYXQtZXBoZW1lcmFsLXN0b3JhZ2UKCnNldCAtZXV4byBwaXBlZmFpbApzaG9wdCAtcyBudWxsZ2xvYgoKCiNkZXZpY2VzPSgvZGV2L3h2ZFtiLW1dIC9kZXYvZGlzay9ieS1pZC9udm1lLUFtYXpvbl9FQzJfTlZNZV9JbnN0YW5jZV9TdG9yYWdlX0FXUz8/Pz8/Pz8/Pz8/Pz8/Pz8/KQojbnVtX2RldmljZXM9IiR7I2RldmljZXNbQF19IgojaWYgKCggbnVtX2RldmljZXMgPiAwICkpICYmICEgZ3JlcCAvZGV2L21kMCA8KGRmKTsgdGhlbgojICAgIG1kYWRtIC0tY3JlYXRlIC9kZXYvbWQwIC0tZm9yY2UgLS1hdXRvPXllcyAtLWxldmVsPTAgLS1jaHVuaz0yNTYgLS1yYWlkLWRldmljZXM9JHtudW1fZGV2aWNlc30gJHtkZXZpY2VzW0BdfQojICAgIG1rZnMueGZzIC1mIC9kZXYvbWQwCiMgICAgbWtkaXIgLXAgL21udC9zY3JhdGNoCiMgICAgbW91bnQgLW8gZGVmYXVsdHMsbm9hdGltZSxsYXJnZWlvLGxvZ2JzaXplPTI1NmsgLXQgeGZzIC9kZXYvbWQwIC9tbnQvc2NyYXRjaAojICAgIGVjaG8gVVVJRD0kKGJsa2lkIC1zIFVVSUQgLW8gdmFsdWUgL2Rldi9tZDApIC9tbnQvc2NyYXRjaCB4ZnMgZGVmYXVsdHMsbm9hdGltZSxsYXJnZWlvLGxvZ2JzaXplPTI1NmsgMCAyID4+IC9ldGMvZnN0YWIKIyAgICB1cGRhdGUtaW5pdHJhbWZzIC11CiNmaQpta2RpciAtcCAvbW50L3NjcmF0Y2gvdG1wCnN5c3RlbWN0bCBzdG9wIGRvY2tlciB8fCB0cnVlCmlmIFsgLWQgL3Zhci9saWIvZG9ja2VyIF0gJiYgWyAhIC1MIC92YXIvbGliL2RvY2tlciBdOyB0aGVuCiAgIG12IC92YXIvbGliL2RvY2tlciAvbW50L3NjcmF0Y2gKZmkKICAgICAgICAKbWtkaXIgLXAgL21udC9zY3JhdGNoL2RvY2tlcgpsbiAtcyAvbW50L3NjcmF0Y2gvZG9ja2VyIC92YXIvbGliL2RvY2tlcgojIENyZWF0ZSBjaGVja3BvaW50IGRpcgp5dW0gaW5zdGFsbCAteSBhbWF6b24tZWZzLXV0aWxzCgpzeXN0ZW1jdGwgcmVzdGFydCBkb2NrZXIgfHwgdHJ1ZQoKc3lzdGVtY3RsIGVuYWJsZSAtLW5vdyAtLW5vLWJsb2NrIGVjcwoKIyBjaGVja3BvaW50IGRpcmVjdG9yeSBpcyBoYXJkY29kZWQgdG8gL21tYy1jaGVja3BvaW50IGluIHNuYXBzaG90IGVuZ2luZQojIG1pbml3ZGwgd2lsbCBjcmVhdGUgbmV3IHZwYyBieSBkZWZhdWx0LCBjcmVhdGUgZWZzIGluIHRoZSBuZXcgdnBjCkNIRUNLUE9JTlRfRUZTPWZzLTAzOGUxYzA5ZmU3NzM1YzI5LmVmcy51cy13ZXN0LTIuYW1hem9uYXdzLmNvbQojIGRvIG5vdCBtb3VudCBjaGVja3BvaW50IGVmcyB0byAvbW50L2VmcywgYmVjYXVzZSBtaW5pd2RsIHdpbGwgdXNlIC9tbnQvZWZzIGJ5IGRlZmF1bHQKbWtkaXIgLXAgL21tYy1jaGVja3BvaW50Cm1vdW50IC10IGVmcyAkQ0hFQ0tQT0lOVF9FRlM6LyAvbW1jLWNoZWNrcG9pbnQKZGYgLWgKCiMgSW5zdGFsbCBtbWNsb3VkIGJhdGNoIGVuZ2luZQpjdXJsIC1rIGh0dHBzOi8vMzQuMjEyLjEyMS45Mzo4MDgwL2FwaS92MS9zY3JpcHRzL2luc3RhbGwtcGFnZW50IHwgYmFzaAoNCi0tTUlNRUJPVU5EQVJZLS0NCg==",
            "vpc_security_group_ids": []
          },
          "sensitive_attributes": [],
          "private": "bnVsbA==",
          "dependencies": [
            "aws_iam_instance_profile.task",
            "aws_iam_role.task",
            "data.cloudinit_config.task"
          ],
          "create_before_destroy": true
        }
      ]
    },
    {
      "mode": "managed",
      "type": "aws_route_table",
      "name": "public",
      "provider": "provider[\"registry.terraform.io/hashicorp/aws\"]",
      "instances": [
        {
          "schema_version": 0,
          "attributes": {
            "arn": "arn:aws:ec2:us-west-2:976193236212:route-table/rtb-0eaf8b41d11d748f4",
            "id": "rtb-0eaf8b41d11d748f4",
            "owner_id": "976193236212",
            "propagating_vgws": [],
            "route": [
              {
                "carrier_gateway_id": "",
                "cidr_block": "0.0.0.0/0",
                "core_network_arn": "",
                "destination_prefix_list_id": "",
                "egress_only_gateway_id": "",
                "gateway_id": "igw-0b273dc6008b77119",
                "ipv6_cidr_block": "",
                "local_gateway_id": "",
                "nat_gateway_id": "",
                "network_interface_id": "",
                "transit_gateway_id": "",
                "vpc_endpoint_id": "",
                "vpc_peering_connection_id": ""
              }
            ],
            "tags": {},
            "tags_all": {
              "Environment": "gn-mmbatch13miniwdl",
              "Owner": "gauri.nagavkar@memverge.com"
            },
            "timeouts": null,
            "vpc_id": "vpc-010e1859c196ef418"
          },
          "sensitive_attributes": [],
          "private": "eyJlMmJmYjczMC1lY2FhLTExZTYtOGY4OC0zNDM2M2JjN2M0YzAiOnsiY3JlYXRlIjozMDAwMDAwMDAwMDAsImRlbGV0ZSI6MzAwMDAwMDAwMDAwLCJ1cGRhdGUiOjEyMDAwMDAwMDAwMH19",
          "dependencies": [
            "aws_internet_gateway.igw",
            "aws_vpc.vpc"
          ]
        }
      ]
    },
    {
      "mode": "managed",
      "type": "aws_route_table_association",
      "name": "public",
      "provider": "provider[\"registry.terraform.io/hashicorp/aws\"]",
      "instances": [
        {
          "index_key": 0,
          "schema_version": 0,
          "attributes": {
            "gateway_id": "",
            "id": "rtbassoc-0f8d508d3ecc88d09",
            "route_table_id": "rtb-0eaf8b41d11d748f4",
            "subnet_id": "subnet-064d4ce55f818922a",
            "timeouts": null
          },
          "sensitive_attributes": [],
          "private": "eyJlMmJmYjczMC1lY2FhLTExZTYtOGY4OC0zNDM2M2JjN2M0YzAiOnsiY3JlYXRlIjozMDAwMDAwMDAwMDAsImRlbGV0ZSI6MzAwMDAwMDAwMDAwLCJ1cGRhdGUiOjEyMDAwMDAwMDAwMH19",
          "dependencies": [
            "aws_internet_gateway.igw",
            "aws_route_table.public",
            "aws_subnet.public",
            "aws_vpc.vpc",
            "data.aws_availability_zones.available"
          ]
        },
        {
          "index_key": 1,
          "schema_version": 0,
          "attributes": {
            "gateway_id": "",
            "id": "rtbassoc-07d4d34f004b7d22b",
            "route_table_id": "rtb-0eaf8b41d11d748f4",
            "subnet_id": "subnet-0d3f93605dc58b226",
            "timeouts": null
          },
          "sensitive_attributes": [],
          "private": "eyJlMmJmYjczMC1lY2FhLTExZTYtOGY4OC0zNDM2M2JjN2M0YzAiOnsiY3JlYXRlIjozMDAwMDAwMDAwMDAsImRlbGV0ZSI6MzAwMDAwMDAwMDAwLCJ1cGRhdGUiOjEyMDAwMDAwMDAwMH19",
          "dependencies": [
            "aws_internet_gateway.igw",
            "aws_route_table.public",
            "aws_subnet.public",
            "aws_vpc.vpc",
            "data.aws_availability_zones.available"
          ]
        },
        {
          "index_key": 2,
          "schema_version": 0,
          "attributes": {
            "gateway_id": "",
            "id": "rtbassoc-09e496bd99a2984ac",
            "route_table_id": "rtb-0eaf8b41d11d748f4",
            "subnet_id": "subnet-09ad6e4c9595f6a96",
            "timeouts": null
          },
          "sensitive_attributes": [],
          "private": "eyJlMmJmYjczMC1lY2FhLTExZTYtOGY4OC0zNDM2M2JjN2M0YzAiOnsiY3JlYXRlIjozMDAwMDAwMDAwMDAsImRlbGV0ZSI6MzAwMDAwMDAwMDAwLCJ1cGRhdGUiOjEyMDAwMDAwMDAwMH19",
          "dependencies": [
            "aws_internet_gateway.igw",
            "aws_route_table.public",
            "aws_subnet.public",
            "aws_vpc.vpc",
            "data.aws_availability_zones.available"
          ]
        },
        {
          "index_key": 3,
          "schema_version": 0,
          "attributes": {
            "gateway_id": "",
            "id": "rtbassoc-08f8f90faf94a5907",
            "route_table_id": "rtb-0eaf8b41d11d748f4",
            "subnet_id": "subnet-0885bf7c439f9d573",
            "timeouts": null
          },
          "sensitive_attributes": [],
          "private": "eyJlMmJmYjczMC1lY2FhLTExZTYtOGY4OC0zNDM2M2JjN2M0YzAiOnsiY3JlYXRlIjozMDAwMDAwMDAwMDAsImRlbGV0ZSI6MzAwMDAwMDAwMDAwLCJ1cGRhdGUiOjEyMDAwMDAwMDAwMH19",
          "dependencies": [
            "aws_internet_gateway.igw",
            "aws_route_table.public",
            "aws_subnet.public",
            "aws_vpc.vpc",
            "data.aws_availability_zones.available"
          ]
        }
      ]
    },
    {
      "mode": "managed",
      "type": "aws_security_group",
      "name": "all",
      "provider": "provider[\"registry.terraform.io/hashicorp/aws\"]",
      "instances": [
        {
          "schema_version": 1,
          "attributes": {
            "arn": "arn:aws:ec2:us-west-2:976193236212:security-group/sg-0d71988b4be01b713",
            "description": "Managed by Terraform",
            "egress": [
              {
                "cidr_blocks": [
                  "0.0.0.0/0"
                ],
                "description": "",
                "from_port": 0,
                "ipv6_cidr_blocks": [],
                "prefix_list_ids": [],
                "protocol": "-1",
                "security_groups": [],
                "self": false,
                "to_port": 0
              }
            ],
            "id": "sg-0d71988b4be01b713",
            "ingress": [
              {
                "cidr_blocks": [
                  "10.0.0.0/16"
                ],
                "description": "",
                "from_port": 0,
                "ipv6_cidr_blocks": [],
                "prefix_list_ids": [],
                "protocol": "-1",
                "security_groups": [],
                "self": false,
                "to_port": 0
              }
            ],
            "name": "gn-mmbatch13miniwdl",
            "name_prefix": "",
            "owner_id": "976193236212",
            "revoke_rules_on_delete": false,
            "tags": {},
            "tags_all": {
              "Environment": "gn-mmbatch13miniwdl",
              "Owner": "gauri.nagavkar@memverge.com"
            },
            "timeouts": null,
            "vpc_id": "vpc-010e1859c196ef418"
          },
          "sensitive_attributes": [],
          "private": "eyJlMmJmYjczMC1lY2FhLTExZTYtOGY4OC0zNDM2M2JjN2M0YzAiOnsiY3JlYXRlIjo2MDAwMDAwMDAwMDAsImRlbGV0ZSI6OTAwMDAwMDAwMDAwfSwic2NoZW1hX3ZlcnNpb24iOiIxIn0=",
          "dependencies": [
            "aws_vpc.vpc"
          ],
          "create_before_destroy": true
        }
      ]
    },
    {
      "mode": "managed",
      "type": "aws_subnet",
      "name": "public",
      "provider": "provider[\"registry.terraform.io/hashicorp/aws\"]",
      "instances": [
        {
          "index_key": 0,
          "schema_version": 1,
          "attributes": {
            "arn": "arn:aws:ec2:us-west-2:976193236212:subnet/subnet-064d4ce55f818922a",
            "assign_ipv6_address_on_creation": false,
            "availability_zone": "us-west-2a",
            "availability_zone_id": "usw2-az1",
            "cidr_block": "10.0.0.0/20",
            "customer_owned_ipv4_pool": "",
            "enable_dns64": false,
            "enable_lni_at_device_index": 0,
            "enable_resource_name_dns_a_record_on_launch": false,
            "enable_resource_name_dns_aaaa_record_on_launch": false,
            "id": "subnet-064d4ce55f818922a",
            "ipv6_cidr_block": "",
            "ipv6_cidr_block_association_id": "",
            "ipv6_native": false,
            "map_customer_owned_ip_on_launch": false,
            "map_public_ip_on_launch": true,
            "outpost_arn": "",
            "owner_id": "976193236212",
            "private_dns_hostname_type_on_launch": "ip-name",
            "tags": {},
            "tags_all": {
              "Environment": "gn-mmbatch13miniwdl",
              "Owner": "gauri.nagavkar@memverge.com"
            },
            "timeouts": null,
            "vpc_id": "vpc-010e1859c196ef418"
          },
          "sensitive_attributes": [],
          "private": "eyJlMmJmYjczMC1lY2FhLTExZTYtOGY4OC0zNDM2M2JjN2M0YzAiOnsiY3JlYXRlIjo2MDAwMDAwMDAwMDAsImRlbGV0ZSI6MTIwMDAwMDAwMDAwMH0sInNjaGVtYV92ZXJzaW9uIjoiMSJ9",
          "dependencies": [
            "aws_vpc.vpc",
            "data.aws_availability_zones.available"
          ],
          "create_before_destroy": true
        },
        {
          "index_key": 1,
          "schema_version": 1,
          "attributes": {
            "arn": "arn:aws:ec2:us-west-2:976193236212:subnet/subnet-0d3f93605dc58b226",
            "assign_ipv6_address_on_creation": false,
            "availability_zone": "us-west-2b",
            "availability_zone_id": "usw2-az2",
            "cidr_block": "10.0.32.0/20",
            "customer_owned_ipv4_pool": "",
            "enable_dns64": false,
            "enable_lni_at_device_index": 0,
            "enable_resource_name_dns_a_record_on_launch": false,
            "enable_resource_name_dns_aaaa_record_on_launch": false,
            "id": "subnet-0d3f93605dc58b226",
            "ipv6_cidr_block": "",
            "ipv6_cidr_block_association_id": "",
            "ipv6_native": false,
            "map_customer_owned_ip_on_launch": false,
            "map_public_ip_on_launch": true,
            "outpost_arn": "",
            "owner_id": "976193236212",
            "private_dns_hostname_type_on_launch": "ip-name",
            "tags": {},
            "tags_all": {
              "Environment": "gn-mmbatch13miniwdl",
              "Owner": "gauri.nagavkar@memverge.com"
            },
            "timeouts": null,
            "vpc_id": "vpc-010e1859c196ef418"
          },
          "sensitive_attributes": [],
          "private": "eyJlMmJmYjczMC1lY2FhLTExZTYtOGY4OC0zNDM2M2JjN2M0YzAiOnsiY3JlYXRlIjo2MDAwMDAwMDAwMDAsImRlbGV0ZSI6MTIwMDAwMDAwMDAwMH0sInNjaGVtYV92ZXJzaW9uIjoiMSJ9",
          "dependencies": [
            "aws_vpc.vpc",
            "data.aws_availability_zones.available"
          ],
          "create_before_destroy": true
        },
        {
          "index_key": 2,
          "schema_version": 1,
          "attributes": {
            "arn": "arn:aws:ec2:us-west-2:976193236212:subnet/subnet-09ad6e4c9595f6a96",
            "assign_ipv6_address_on_creation": false,
            "availability_zone": "us-west-2c",
            "availability_zone_id": "usw2-az3",
            "cidr_block": "10.0.64.0/20",
            "customer_owned_ipv4_pool": "",
            "enable_dns64": false,
            "enable_lni_at_device_index": 0,
            "enable_resource_name_dns_a_record_on_launch": false,
            "enable_resource_name_dns_aaaa_record_on_launch": false,
            "id": "subnet-09ad6e4c9595f6a96",
            "ipv6_cidr_block": "",
            "ipv6_cidr_block_association_id": "",
            "ipv6_native": false,
            "map_customer_owned_ip_on_launch": false,
            "map_public_ip_on_launch": true,
            "outpost_arn": "",
            "owner_id": "976193236212",
            "private_dns_hostname_type_on_launch": "ip-name",
            "tags": {},
            "tags_all": {
              "Environment": "gn-mmbatch13miniwdl",
              "Owner": "gauri.nagavkar@memverge.com"
            },
            "timeouts": null,
            "vpc_id": "vpc-010e1859c196ef418"
          },
          "sensitive_attributes": [],
          "private": "eyJlMmJmYjczMC1lY2FhLTExZTYtOGY4OC0zNDM2M2JjN2M0YzAiOnsiY3JlYXRlIjo2MDAwMDAwMDAwMDAsImRlbGV0ZSI6MTIwMDAwMDAwMDAwMH0sInNjaGVtYV92ZXJzaW9uIjoiMSJ9",
          "dependencies": [
            "aws_vpc.vpc",
            "data.aws_availability_zones.available"
          ],
          "create_before_destroy": true
        },
        {
          "index_key": 3,
          "schema_version": 1,
          "attributes": {
            "arn": "arn:aws:ec2:us-west-2:976193236212:subnet/subnet-0885bf7c439f9d573",
            "assign_ipv6_address_on_creation": false,
            "availability_zone": "us-west-2d",
            "availability_zone_id": "usw2-az4",
            "cidr_block": "10.0.96.0/20",
            "customer_owned_ipv4_pool": "",
            "enable_dns64": false,
            "enable_lni_at_device_index": 0,
            "enable_resource_name_dns_a_record_on_launch": false,
            "enable_resource_name_dns_aaaa_record_on_launch": false,
            "id": "subnet-0885bf7c439f9d573",
            "ipv6_cidr_block": "",
            "ipv6_cidr_block_association_id": "",
            "ipv6_native": false,
            "map_customer_owned_ip_on_launch": false,
            "map_public_ip_on_launch": true,
            "outpost_arn": "",
            "owner_id": "976193236212",
            "private_dns_hostname_type_on_launch": "ip-name",
            "tags": {},
            "tags_all": {
              "Environment": "gn-mmbatch13miniwdl",
              "Owner": "gauri.nagavkar@memverge.com"
            },
            "timeouts": null,
            "vpc_id": "vpc-010e1859c196ef418"
          },
          "sensitive_attributes": [],
          "private": "eyJlMmJmYjczMC1lY2FhLTExZTYtOGY4OC0zNDM2M2JjN2M0YzAiOnsiY3JlYXRlIjo2MDAwMDAwMDAwMDAsImRlbGV0ZSI6MTIwMDAwMDAwMDAwMH0sInNjaGVtYV92ZXJzaW9uIjoiMSJ9",
          "dependencies": [
            "aws_vpc.vpc",
            "data.aws_availability_zones.available"
          ],
          "create_before_destroy": true
        }
      ]
    },
    {
      "mode": "managed",
      "type": "aws_vpc",
      "name": "vpc",
      "provider": "provider[\"registry.terraform.io/hashicorp/aws\"]",
      "instances": [
        {
          "schema_version": 1,
          "attributes": {
            "arn": "arn:aws:ec2:us-west-2:976193236212:vpc/vpc-010e1859c196ef418",
            "assign_generated_ipv6_cidr_block": false,
            "cidr_block": "10.0.0.0/16",
            "default_network_acl_id": "acl-070b6bc32d86669f1",
            "default_route_table_id": "rtb-030972109d2359df1",
            "default_security_group_id": "sg-0057b313b94a0b1c4",
            "dhcp_options_id": "dopt-0a1a821ffbb7f1af9",
            "enable_dns_hostnames": true,
            "enable_dns_support": true,
            "enable_network_address_usage_metrics": false,
            "id": "vpc-010e1859c196ef418",
            "instance_tenancy": "default",
            "ipv4_ipam_pool_id": null,
            "ipv4_netmask_length": null,
            "ipv6_association_id": "",
            "ipv6_cidr_block": "",
            "ipv6_cidr_block_network_border_group": "",
            "ipv6_ipam_pool_id": "",
            "ipv6_netmask_length": 0,
            "main_route_table_id": "rtb-030972109d2359df1",
            "owner_id": "976193236212",
            "tags": {},
            "tags_all": {
              "Environment": "gn-mmbatch13miniwdl",
              "Owner": "gauri.nagavkar@memverge.com"
            }
          },
          "sensitive_attributes": [],
          "private": "eyJzY2hlbWFfdmVyc2lvbiI6IjEifQ==",
          "create_before_destroy": true
        }
      ]
    }
  ],
  "check_results": null
}
